
Microsoft Visual Studio Solution File, Format Version 12.00
# Visual Studio Version 16
VisualStudioVersion = 16.0.30114.105
MinimumVisualStudioVersion = 10.0.40219.1
Project("{FAE04EC0-301F-11D3-BF4B-00C04F79EFBC}") = "SpecFlowProject", "SpecFlowProject\SpecFlowProject.csproj", "{B6ED4CDB-4CC1-4563-BDBE-CB45819D47F9}"
EndProject
Global
	GlobalSection(SolutionConfigurationPlatforms) = preSolution
		Debug|Any CPU = Debug|Any CPU
		Release|Any CPU = Release|Any CPU
	EndGlobalSection
	GlobalSection(ProjectConfigurationPlatforms) = postSolution
		{B6ED4CDB-4CC1-4563-BDBE-CB45819D47F9}.Debug|Any CPU.ActiveCfg = Debug|Any CPU
		{B6ED4CDB-4CC1-4563-BDBE-CB45819D47F9}.Debug|Any CPU.Build.0 = Debug|Any CPU
		{B6ED4CDB-4CC1-4563-BDBE-CB45819D47F9}.Release|Any CPU.ActiveCfg = Release|Any CPU
		{B6ED4CDB-4CC1-4563-BDBE-CB45819D47F9}.Release|Any CPU.Build.0 = Release|Any CPU
	EndGlobalSection
	GlobalSection(SolutionProperties) = preSolution
		HideSolutionNode = FALSE
	EndGlobalSection
	GlobalSection(ExtensibilityGlobals) = postSolution
		SolutionGuid = {04C72400-2189-464C-A990-A7CE0AD89059}
	EndGlobalSection
EndGlobal
